
Microsoft Visual Studio Solution File, Format Version 12.00
# Visual Studio Version 16
VisualStudioVersion = 16.0.30114.105
MinimumVisualStudioVersion = 10.0.40219.1
Project("{FAE04EC0-301F-11D3-BF4B-00C04F79EFBC}") = "LabSintaxis2", "LabSintaxis2.csproj", "{672314BC-DCFE-488B-BB49-470D9A27A77E}"
EndProject
Project("{FAE04EC0-301F-11D3-BF4B-00C04F79EFBC}") = "LabSintaxis3", "..\LabSintaxis3\LabSintaxis3.csproj", "{79E2D1E8-00CC-4F74-94E1-EEAE1230346A}"
EndProject
Project("{FAE04EC0-301F-11D3-BF4B-00C04F79EFBC}") = "LabPensar4", "..\LabPensar4\LabPensar4.csproj", "{AEEB6071-24C7-4710-9B1F-E9B8A68052B5}"
EndProject
Global
	GlobalSection(SolutionConfigurationPlatforms) = preSolution
		Debug|Any CPU = Debug|Any CPU
		Release|Any CPU = Release|Any CPU
	EndGlobalSection
	GlobalSection(ProjectConfigurationPlatforms) = postSolution
		{672314BC-DCFE-488B-BB49-470D9A27A77E}.Debug|Any CPU.ActiveCfg = Debug|Any CPU
		{672314BC-DCFE-488B-BB49-470D9A27A77E}.Debug|Any CPU.Build.0 = Debug|Any CPU
		{672314BC-DCFE-488B-BB49-470D9A27A77E}.Release|Any CPU.ActiveCfg = Release|Any CPU
		{672314BC-DCFE-488B-BB49-470D9A27A77E}.Release|Any CPU.Build.0 = Release|Any CPU
		{79E2D1E8-00CC-4F74-94E1-EEAE1230346A}.Debug|Any CPU.ActiveCfg = Debug|Any CPU
		{79E2D1E8-00CC-4F74-94E1-EEAE1230346A}.Debug|Any CPU.Build.0 = Debug|Any CPU
		{79E2D1E8-00CC-4F74-94E1-EEAE1230346A}.Release|Any CPU.ActiveCfg = Release|Any CPU
		{79E2D1E8-00CC-4F74-94E1-EEAE1230346A}.Release|Any CPU.Build.0 = Release|Any CPU
		{AEEB6071-24C7-4710-9B1F-E9B8A68052B5}.Debug|Any CPU.ActiveCfg = Debug|Any CPU
		{AEEB6071-24C7-4710-9B1F-E9B8A68052B5}.Debug|Any CPU.Build.0 = Debug|Any CPU
		{AEEB6071-24C7-4710-9B1F-E9B8A68052B5}.Release|Any CPU.ActiveCfg = Release|Any CPU
		{AEEB6071-24C7-4710-9B1F-E9B8A68052B5}.Release|Any CPU.Build.0 = Release|Any CPU
	EndGlobalSection
	GlobalSection(SolutionProperties) = preSolution
		HideSolutionNode = FALSE
	EndGlobalSection
	GlobalSection(ExtensibilityGlobals) = postSolution
		SolutionGuid = {FA8304B2-F4B4-4663-A2E6-6F7A3316A2BE}
	EndGlobalSection
EndGlobal
